
Microsoft Visual Studio Solution File, Format Version 12.00
# Visual Studio Version 16
VisualStudioVersion = 16.0.32002.261
MinimumVisualStudioVersion = 10.0.40219.1
Project("{FAE04EC0-301F-11D3-BF4B-00C04F79EFBC}") = "Token", "Token.csproj", "{F8A6FA67-901F-4904-997D-EC43A1E9E139}"
EndProject
Global
	GlobalSection(SolutionConfigurationPlatforms) = preSolution
		Debug|Any CPU = Debug|Any CPU
		Release|Any CPU = Release|Any CPU
	EndGlobalSection
	GlobalSection(ProjectConfigurationPlatforms) = postSolution
		{F8A6FA67-901F-4904-997D-EC43A1E9E139}.Debug|Any CPU.ActiveCfg = Debug|Any CPU
		{F8A6FA67-901F-4904-997D-EC43A1E9E139}.Debug|Any CPU.Build.0 = Debug|Any CPU
		{F8A6FA67-901F-4904-997D-EC43A1E9E139}.Release|Any CPU.ActiveCfg = Release|Any CPU
		{F8A6FA67-901F-4904-997D-EC43A1E9E139}.Release|Any CPU.Build.0 = Release|Any CPU
	EndGlobalSection
	GlobalSection(SolutionProperties) = preSolution
		HideSolutionNode = FALSE
	EndGlobalSection
	GlobalSection(ExtensibilityGlobals) = postSolution
		SolutionGuid = {6499F806-6A2E-49DB-9DAB-CC7F7818FD0C}
	EndGlobalSection
EndGlobal
